
Microsoft Visual Studio Solution File, Format Version 12.00
# Visual Studio Version 17
VisualStudioVersion = 17.3.32721.290
MinimumVisualStudioVersion = 10.0.40219.1
Project("{FAE04EC0-301F-11D3-BF4B-00C04F79EFBC}") = "SistemaVentas", "SistemaVentas.csproj", "{340BDADF-E85B-437F-A72D-6855A0B5A232}"
EndProject
Global
	GlobalSection(SolutionConfigurationPlatforms) = preSolution
		Debug|Any CPU = Debug|Any CPU
		Release|Any CPU = Release|Any CPU
	EndGlobalSection
	GlobalSection(ProjectConfigurationPlatforms) = postSolution
		{340BDADF-E85B-437F-A72D-6855A0B5A232}.Debug|Any CPU.ActiveCfg = Debug|Any CPU
		{340BDADF-E85B-437F-A72D-6855A0B5A232}.Debug|Any CPU.Build.0 = Debug|Any CPU
		{340BDADF-E85B-437F-A72D-6855A0B5A232}.Release|Any CPU.ActiveCfg = Release|Any CPU
		{340BDADF-E85B-437F-A72D-6855A0B5A232}.Release|Any CPU.Build.0 = Release|Any CPU
	EndGlobalSection
	GlobalSection(SolutionProperties) = preSolution
		HideSolutionNode = FALSE
	EndGlobalSection
	GlobalSection(ExtensibilityGlobals) = postSolution
		SolutionGuid = {26AE04C7-AC2E-45CE-9177-77BB333C3D14}
	EndGlobalSection
EndGlobal
